
Microsoft Visual Studio Solution File, Format Version 12.00
# Visual Studio Version 17
VisualStudioVersion = 17.6.33829.357
MinimumVisualStudioVersion = 10.0.40219.1
Project("{FAE04EC0-301F-11D3-BF4B-00C04F79EFBC}") = "TempSensorWithLCD", "TempSensorWithLCD.csproj", "{D82754DB-027B-42CE-B400-CD9DA148CFB6}"
EndProject
Global
	GlobalSection(SolutionConfigurationPlatforms) = preSolution
		Debug|Any CPU = Debug|Any CPU
		Release|Any CPU = Release|Any CPU
	EndGlobalSection
	GlobalSection(ProjectConfigurationPlatforms) = postSolution
		{D82754DB-027B-42CE-B400-CD9DA148CFB6}.Debug|Any CPU.ActiveCfg = Debug|Any CPU
		{D82754DB-027B-42CE-B400-CD9DA148CFB6}.Debug|Any CPU.Build.0 = Debug|Any CPU
		{D82754DB-027B-42CE-B400-CD9DA148CFB6}.Release|Any CPU.ActiveCfg = Release|Any CPU
		{D82754DB-027B-42CE-B400-CD9DA148CFB6}.Release|Any CPU.Build.0 = Release|Any CPU
	EndGlobalSection
	GlobalSection(SolutionProperties) = preSolution
		HideSolutionNode = FALSE
	EndGlobalSection
	GlobalSection(ExtensibilityGlobals) = postSolution
		SolutionGuid = {8259EE4F-36CF-46D7-8542-A10309A6A07C}
	EndGlobalSection
EndGlobal
